
Microsoft Visual Studio Solution File, Format Version 12.00
# Visual Studio Version 17
VisualStudioVersion = 17.4.33213.308
MinimumVisualStudioVersion = 10.0.40219.1
Project("{FAE04EC0-301F-11D3-BF4B-00C04F79EFBC}") = "ProgrammingConstruct", "ProgrammingConstruct\ProgrammingConstruct.csproj", "{B1BFDF84-FB7D-4D95-9956-028A947E2B61}"
EndProject
Global
	GlobalSection(SolutionConfigurationPlatforms) = preSolution
		Debug|Any CPU = Debug|Any CPU
		Release|Any CPU = Release|Any CPU
	EndGlobalSection
	GlobalSection(ProjectConfigurationPlatforms) = postSolution
		{B1BFDF84-FB7D-4D95-9956-028A947E2B61}.Debug|Any CPU.ActiveCfg = Debug|Any CPU
		{B1BFDF84-FB7D-4D95-9956-028A947E2B61}.Debug|Any CPU.Build.0 = Debug|Any CPU
		{B1BFDF84-FB7D-4D95-9956-028A947E2B61}.Release|Any CPU.ActiveCfg = Release|Any CPU
		{B1BFDF84-FB7D-4D95-9956-028A947E2B61}.Release|Any CPU.Build.0 = Release|Any CPU
	EndGlobalSection
	GlobalSection(SolutionProperties) = preSolution
		HideSolutionNode = FALSE
	EndGlobalSection
	GlobalSection(ExtensibilityGlobals) = postSolution
		SolutionGuid = {65F60317-B7E0-45E0-816E-9405F853C63D}
	EndGlobalSection
EndGlobal
